
Microsoft Visual Studio Solution File, Format Version 12.00
# Visual Studio 2013
VisualStudioVersion = 12.0.31101.0
MinimumVisualStudioVersion = 10.0.40219.1
Project("{2150E333-8FDC-42A3-9474-1A3956D46DE8}") = "Solution Items", "Solution Items", "{12D34689-AA5D-4A74-AA90-0CFB90EE1C91}"
	ProjectSection(SolutionItems) = preProject
		.gitignore = .gitignore
		nuget.config = nuget.config
		README.md = README.md
	EndProjectSection
EndProject
Project("{FAE04EC0-301F-11D3-BF4B-00C04F79EFBC}") = "TC.NuGet.Pack", "TC.NuGet.Pack\TC.NuGet.Pack.csproj", "{E1B80526-F9BB-4C4D-B436-1D4F7DD366CC}"
EndProject
Project("{FAE04EC0-301F-11D3-BF4B-00C04F79EFBC}") = "Test.TC.NuGet.Pack.All", "Test.TC.NuGet.Pack.All\Test.TC.NuGet.Pack.All.csproj", "{B45C734B-A224-417D-B35B-9F1CD13E6335}"
EndProject
Project("{FAE04EC0-301F-11D3-BF4B-00C04F79EFBC}") = "Test.TC.NuGet.Pack.Project", "Test.TC.NuGet.Pack.Project\Test.TC.NuGet.Pack.Project.csproj", "{94E64058-9569-4344-B812-EFABF2FE81B7}"
EndProject
Global
	GlobalSection(SolutionConfigurationPlatforms) = preSolution
		Debug|Any CPU = Debug|Any CPU
		Release|Any CPU = Release|Any CPU
	EndGlobalSection
	GlobalSection(ProjectConfigurationPlatforms) = postSolution
		{E1B80526-F9BB-4C4D-B436-1D4F7DD366CC}.Debug|Any CPU.ActiveCfg = Debug|Any CPU
		{E1B80526-F9BB-4C4D-B436-1D4F7DD366CC}.Debug|Any CPU.Build.0 = Debug|Any CPU
		{E1B80526-F9BB-4C4D-B436-1D4F7DD366CC}.Release|Any CPU.ActiveCfg = Release|Any CPU
		{E1B80526-F9BB-4C4D-B436-1D4F7DD366CC}.Release|Any CPU.Build.0 = Release|Any CPU
		{B45C734B-A224-417D-B35B-9F1CD13E6335}.Debug|Any CPU.ActiveCfg = Debug|Any CPU
		{B45C734B-A224-417D-B35B-9F1CD13E6335}.Debug|Any CPU.Build.0 = Debug|Any CPU
		{B45C734B-A224-417D-B35B-9F1CD13E6335}.Release|Any CPU.ActiveCfg = Release|Any CPU
		{B45C734B-A224-417D-B35B-9F1CD13E6335}.Release|Any CPU.Build.0 = Release|Any CPU
		{94E64058-9569-4344-B812-EFABF2FE81B7}.Debug|Any CPU.ActiveCfg = Debug|Any CPU
		{94E64058-9569-4344-B812-EFABF2FE81B7}.Debug|Any CPU.Build.0 = Debug|Any CPU
		{94E64058-9569-4344-B812-EFABF2FE81B7}.Release|Any CPU.ActiveCfg = Release|Any CPU
		{94E64058-9569-4344-B812-EFABF2FE81B7}.Release|Any CPU.Build.0 = Release|Any CPU
	EndGlobalSection
	GlobalSection(SolutionProperties) = preSolution
		HideSolutionNode = FALSE
	EndGlobalSection
EndGlobal
